
Microsoft Visual Studio Solution File, Format Version 12.00
# Visual Studio Version 17
VisualStudioVersion = 17.14.36221.1 d17.14
MinimumVisualStudioVersion = 10.0.40219.1
Project("{FAE04EC0-301F-11D3-BF4B-00C04F79EFBC}") = "SampleClassObjectCSharp", "SampleClassObjectCSharp\SampleClassObjectCSharp.csproj", "{E34F092C-373F-4B89-A057-44ED6C05511C}"
EndProject
Global
	GlobalSection(SolutionConfigurationPlatforms) = preSolution
		Debug|Any CPU = Debug|Any CPU
		Release|Any CPU = Release|Any CPU
	EndGlobalSection
	GlobalSection(ProjectConfigurationPlatforms) = postSolution
		{E34F092C-373F-4B89-A057-44ED6C05511C}.Debug|Any CPU.ActiveCfg = Debug|Any CPU
		{E34F092C-373F-4B89-A057-44ED6C05511C}.Debug|Any CPU.Build.0 = Debug|Any CPU
		{E34F092C-373F-4B89-A057-44ED6C05511C}.Release|Any CPU.ActiveCfg = Release|Any CPU
		{E34F092C-373F-4B89-A057-44ED6C05511C}.Release|Any CPU.Build.0 = Release|Any CPU
	EndGlobalSection
	GlobalSection(SolutionProperties) = preSolution
		HideSolutionNode = FALSE
	EndGlobalSection
	GlobalSection(ExtensibilityGlobals) = postSolution
		SolutionGuid = {2BA0ECD7-AC99-4DDA-824E-71B842302719}
	EndGlobalSection
EndGlobal
