
Microsoft Visual Studio Solution File, Format Version 12.00
# Visual Studio Version 17
VisualStudioVersion = 17.7.34202.233
MinimumVisualStudioVersion = 10.0.40219.1
Project("{FAE04EC0-301F-11D3-BF4B-00C04F79EFBC}") = "PresidentialTriviaApp", "PresidentialTriviaApp\PresidentialTriviaApp.csproj", "{8E96305B-48FA-4E94-B3D3-D29259E33D02}"
EndProject
Global
	GlobalSection(SolutionConfigurationPlatforms) = preSolution
		Debug|Any CPU = Debug|Any CPU
		Release|Any CPU = Release|Any CPU
	EndGlobalSection
	GlobalSection(ProjectConfigurationPlatforms) = postSolution
		{8E96305B-48FA-4E94-B3D3-D29259E33D02}.Debug|Any CPU.ActiveCfg = Debug|Any CPU
		{8E96305B-48FA-4E94-B3D3-D29259E33D02}.Debug|Any CPU.Build.0 = Debug|Any CPU
		{8E96305B-48FA-4E94-B3D3-D29259E33D02}.Release|Any CPU.ActiveCfg = Release|Any CPU
		{8E96305B-48FA-4E94-B3D3-D29259E33D02}.Release|Any CPU.Build.0 = Release|Any CPU
	EndGlobalSection
	GlobalSection(SolutionProperties) = preSolution
		HideSolutionNode = FALSE
	EndGlobalSection
	GlobalSection(ExtensibilityGlobals) = postSolution
		SolutionGuid = {CD896F67-88BC-402F-BB83-F6D597DA672D}
	EndGlobalSection
EndGlobal
