
Microsoft Visual Studio Solution File, Format Version 12.00
# Visual Studio Version 17
VisualStudioVersion = 17.10.34916.146
MinimumVisualStudioVersion = 10.0.40219.1
Project("{FAE04EC0-301F-11D3-BF4B-00C04F79EFBC}") = "ArrayOperations", "ArrayOperations\ArrayOperations.csproj", "{F346BF5E-3FB5-476A-A9C0-BFBF20FCFA61}"
EndProject
Global
	GlobalSection(SolutionConfigurationPlatforms) = preSolution
		Debug|Any CPU = Debug|Any CPU
		Release|Any CPU = Release|Any CPU
	EndGlobalSection
	GlobalSection(ProjectConfigurationPlatforms) = postSolution
		{F346BF5E-3FB5-476A-A9C0-BFBF20FCFA61}.Debug|Any CPU.ActiveCfg = Debug|Any CPU
		{F346BF5E-3FB5-476A-A9C0-BFBF20FCFA61}.Debug|Any CPU.Build.0 = Debug|Any CPU
		{F346BF5E-3FB5-476A-A9C0-BFBF20FCFA61}.Release|Any CPU.ActiveCfg = Release|Any CPU
		{F346BF5E-3FB5-476A-A9C0-BFBF20FCFA61}.Release|Any CPU.Build.0 = Release|Any CPU
	EndGlobalSection
	GlobalSection(SolutionProperties) = preSolution
		HideSolutionNode = FALSE
	EndGlobalSection
	GlobalSection(ExtensibilityGlobals) = postSolution
		SolutionGuid = {227A2F18-4D01-4EAB-A8D1-94AC07755054}
	EndGlobalSection
EndGlobal
