
Microsoft Visual Studio Solution File, Format Version 12.00
# Visual Studio Version 17
VisualStudioVersion = 17.7.34202.233
MinimumVisualStudioVersion = 10.0.40219.1
Project("{FAE04EC0-301F-11D3-BF4B-00C04F79EFBC}") = "FlagsAndCountriesApp", "FlagsAndCountriesApp\FlagsAndCountriesApp.csproj", "{E5020FF4-5A2B-4338-BECD-25BEFA344628}"
EndProject
Global
	GlobalSection(SolutionConfigurationPlatforms) = preSolution
		Debug|Any CPU = Debug|Any CPU
		Release|Any CPU = Release|Any CPU
	EndGlobalSection
	GlobalSection(ProjectConfigurationPlatforms) = postSolution
		{E5020FF4-5A2B-4338-BECD-25BEFA344628}.Debug|Any CPU.ActiveCfg = Debug|Any CPU
		{E5020FF4-5A2B-4338-BECD-25BEFA344628}.Debug|Any CPU.Build.0 = Debug|Any CPU
		{E5020FF4-5A2B-4338-BECD-25BEFA344628}.Release|Any CPU.ActiveCfg = Release|Any CPU
		{E5020FF4-5A2B-4338-BECD-25BEFA344628}.Release|Any CPU.Build.0 = Release|Any CPU
	EndGlobalSection
	GlobalSection(SolutionProperties) = preSolution
		HideSolutionNode = FALSE
	EndGlobalSection
	GlobalSection(ExtensibilityGlobals) = postSolution
		SolutionGuid = {613D1660-80B0-4152-93A5-C82150265E7E}
	EndGlobalSection
EndGlobal
