
Microsoft Visual Studio Solution File, Format Version 12.00
# Visual Studio Version 17
VisualStudioVersion = 17.9.34728.123
MinimumVisualStudioVersion = 10.0.40219.1
Project("{FAE04EC0-301F-11D3-BF4B-00C04F79EFBC}") = "Tutorial3", "Tutorial3\Tutorial3.csproj", "{A1344CF6-54CC-4CA4-A6A7-F22A0B35479D}"
EndProject
Global
	GlobalSection(SolutionConfigurationPlatforms) = preSolution
		Debug|Any CPU = Debug|Any CPU
		Release|Any CPU = Release|Any CPU
	EndGlobalSection
	GlobalSection(ProjectConfigurationPlatforms) = postSolution
		{A1344CF6-54CC-4CA4-A6A7-F22A0B35479D}.Debug|Any CPU.ActiveCfg = Debug|Any CPU
		{A1344CF6-54CC-4CA4-A6A7-F22A0B35479D}.Debug|Any CPU.Build.0 = Debug|Any CPU
		{A1344CF6-54CC-4CA4-A6A7-F22A0B35479D}.Release|Any CPU.ActiveCfg = Release|Any CPU
		{A1344CF6-54CC-4CA4-A6A7-F22A0B35479D}.Release|Any CPU.Build.0 = Release|Any CPU
	EndGlobalSection
	GlobalSection(SolutionProperties) = preSolution
		HideSolutionNode = FALSE
	EndGlobalSection
	GlobalSection(ExtensibilityGlobals) = postSolution
		SolutionGuid = {B0821A91-2ECB-4509-AF19-27B15AC07A4A}
	EndGlobalSection
EndGlobal
