
Microsoft Visual Studio Solution File, Format Version 12.00
# Visual Studio Version 17
VisualStudioVersion = 17.9.34728.123
MinimumVisualStudioVersion = 10.0.40219.1
Project("{FAE04EC0-301F-11D3-BF4B-00C04F79EFBC}") = "Tutorial1", "Tutorial1\Tutorial1.csproj", "{D92EA6C8-8796-4988-9F73-50B5BF051A3D}"
EndProject
Global
	GlobalSection(SolutionConfigurationPlatforms) = preSolution
		Debug|Any CPU = Debug|Any CPU
		Release|Any CPU = Release|Any CPU
	EndGlobalSection
	GlobalSection(ProjectConfigurationPlatforms) = postSolution
		{D92EA6C8-8796-4988-9F73-50B5BF051A3D}.Debug|Any CPU.ActiveCfg = Debug|Any CPU
		{D92EA6C8-8796-4988-9F73-50B5BF051A3D}.Debug|Any CPU.Build.0 = Debug|Any CPU
		{D92EA6C8-8796-4988-9F73-50B5BF051A3D}.Release|Any CPU.ActiveCfg = Release|Any CPU
		{D92EA6C8-8796-4988-9F73-50B5BF051A3D}.Release|Any CPU.Build.0 = Release|Any CPU
	EndGlobalSection
	GlobalSection(SolutionProperties) = preSolution
		HideSolutionNode = FALSE
	EndGlobalSection
	GlobalSection(ExtensibilityGlobals) = postSolution
		SolutionGuid = {3B94C808-B8F8-4CE4-A7E8-A953E49F1070}
	EndGlobalSection
EndGlobal
