
Microsoft Visual Studio Solution File, Format Version 12.00
# Visual Studio Version 17
VisualStudioVersion = 17.14.36221.1 d17.14
MinimumVisualStudioVersion = 10.0.40219.1
Project("{FAE04EC0-301F-11D3-BF4B-00C04F79EFBC}") = "SampleAppCSharp", "SampleAppCSharp\SampleAppCSharp.csproj", "{702DCBCA-FD17-46EB-9CA6-5691D5ACBF29}"
EndProject
Global
	GlobalSection(SolutionConfigurationPlatforms) = preSolution
		Debug|Any CPU = Debug|Any CPU
		Release|Any CPU = Release|Any CPU
	EndGlobalSection
	GlobalSection(ProjectConfigurationPlatforms) = postSolution
		{702DCBCA-FD17-46EB-9CA6-5691D5ACBF29}.Debug|Any CPU.ActiveCfg = Debug|Any CPU
		{702DCBCA-FD17-46EB-9CA6-5691D5ACBF29}.Debug|Any CPU.Build.0 = Debug|Any CPU
		{702DCBCA-FD17-46EB-9CA6-5691D5ACBF29}.Release|Any CPU.ActiveCfg = Release|Any CPU
		{702DCBCA-FD17-46EB-9CA6-5691D5ACBF29}.Release|Any CPU.Build.0 = Release|Any CPU
	EndGlobalSection
	GlobalSection(SolutionProperties) = preSolution
		HideSolutionNode = FALSE
	EndGlobalSection
	GlobalSection(ExtensibilityGlobals) = postSolution
		SolutionGuid = {567255E9-CB85-4F2B-A752-CF1687B521E3}
	EndGlobalSection
EndGlobal
